# THIS IS AN AUTOGENERATED FILE. DO NOT EDIT THIS FILE DIRECTLY.
# yarn lockfile v1


local-storage@^2.0.0:
  version "2.0.0"
  resolved "https://registry.yarnpkg.com/local-storage/-/local-storage-2.0.0.tgz#748b7d041b197f46f3ec7393640851c175b64db8"
  integrity sha512-/0sRoeijw7yr/igbVVygDuq6dlYCmtsuTmmpnweVlVtl/s10pf5BCq8LWBxW/AMyFJ3MhMUuggMZiYlx6qr9tw==
